{
  "version": 4,
  "terraform_version": "1.3.6",
  "serial": 73,
  "lineage": "82fe4d5f-6718-21bd-7705-9e8dcc2f24b4",
  "outputs": {
    "config_map_aws_auth": {
      "value": "\n\napiVersion: v1\nkind: ConfigMap\nmetadata:\n  name: aws-auth\n  namespace: kube-system\ndata:\n  mapRoles: |\n    - rolearn: arn:aws:iam::018374338799:role/terraform-eks-project-node\n      username: system:node:{{EC2PrivateDNSName}}\n      groups:\n        - system:bootstrappers\n        - system:nodes\n",
      "type": "string"
    },
    "kubeconfig": {
      "value": "\n\napiVersion: v1\nclusters:\n- cluster:\n    server: https://5242331BC2053CAE81184C905B1F0F14.gr7.us-east-2.eks.amazonaws.com\n    certificate-authority-data: LS0tLS1CRUdJTiBDRVJUSUZJQ0FURS0tLS0tCk1JSUMvakNDQWVhZ0F3SUJBZ0lCQURBTkJna3Foa2lHOXcwQkFRc0ZBREFWTVJNd0VRWURWUVFERXdwcmRXSmwKY201bGRHVnpNQjRYRFRJeU1USXlNekExTlRrek9Wb1hEVE15TVRJeU1EQTFOVGt6T1Zvd0ZURVRNQkVHQTFVRQpBeE1LYTNWaVpYSnVaWFJsY3pDQ0FTSXdEUVlKS29aSWh2Y05BUUVCQlFBRGdnRVBBRENDQVFvQ2dnRUJBTEZoCkI5dE5PZDdsQ1lRMGs5c1RvUkNabDRpUmZuR0N3Ri9YS3ZUN1VDa1E0MWVPNVN4YnlPdEYwRGJVWkQ3eWF1WTQKTlZNUmpWcDZYaDcyNEtnVWlIOE9jM3ZNamovMXFlY1JDTXJUb0V0WWRJOU5GY0tWU1NiVVNxNlg5ZFFTc0xWWgpXVTVNVXNLSHhZbjZHaHYwY1pobXM4ZnpTRFpiZnZyQ2YrZjduK09Va3NzRzE1Y0NVNzBmcVlJalBXbkIwWk9jClhBeml1OHlKVHJGR09LZFY0SWYvLzRNdFVLQ2ZnSFlOYTNnTFk1K0ZDL0NPcjdkYXlPdU9KVlBaOCs4TDQ0T00KTG5BZGZtUDBoeDgrenBZQ1p2T1JZWVMrNW5Ea0puazlQNXZmYjlkMXhLOWk4dC9QN1RFTlhCZjNYa01ucXA0eApISWsxWlc4N2w0SG5VN2c1bGZrQ0F3RUFBYU5aTUZjd0RnWURWUjBQQVFIL0JBUURBZ0trTUE4R0ExVWRFd0VCCi93UUZNQU1CQWY4d0hRWURWUjBPQkJZRUZKVExPVDJxdzh5ZTlYV2xSWDdick4zQmtjbWpNQlVHQTFVZEVRUU8KTUF5Q0NtdDFZbVZ5Ym1WMFpYTXdEUVlKS29aSWh2Y05BUUVMQlFBRGdnRUJBQjVXb3ZMQjhmNWdBa2VCbkMvegp4ZmlLS1VKdnZYUE42UDRUdGJCcGhubFJqWDBWdDNrbUJpTnZiS1p4TUhZcGhPL0wzZFQrR3lXZVZsRk5ZS3czCk5SM2doeVFqRGVRRGVXV2xHNzE2WHB5TUM0NDh2VXgyRHRYaUZFa3hNQzFBanByNlNzSDR5d29oc2FySTdxNmcKUE93cjIrWUNMQmZwSXc3eW1Yd3JCaWpJMlRPOVNaQWh5VWxkSEZnYWZ1TkhkQzN3VERKUjh5Ump2MitnWDVUZQpkWVV3TkdleGpmVk9CVXlNMythUUdUcHdKMlNVdnR1Z1cwaVE0OGdqbkpqcVJHNVBZRWdhaVM5OVY5WnduYlUyCkl6WmRaNmFTaWh4czQvQUxZd0lUTkduSlhUS1J2SU9OMXF5L29OWmgxNUc2TzEwSFloQmN0ZnNTV0xuM0FJc1oKb3dJPQotLS0tLUVORCBDRVJUSUZJQ0FURS0tLS0tCg==\n  name: kubernetes\ncontexts:\n- context:\n    cluster: kubernetes\n    user: aws\n  name: aws\ncurrent-context: aws\nkind: Config\npreferences: {}\nusers:\n- name: aws\n  user:\n    exec:\n      apiVersion: client.authentication.k8s.io/v1beta1\n      command: aws-iam-authenticator\n      args:\n        - \"token\"\n        - \"-i\"\n        - \"terraform-eks-project\"\n",
      "type": "string"
    }
  },
  "resources": [
    {
      "mode": "data",
      "type": "aws_availability_zones",
      "name": "available",
      "provider": "provider[\"registry.terraform.io/hashicorp/aws\"]",
      "instances": [
        {
          "schema_version": 0,
          "attributes": {
            "all_availability_zones": null,
            "exclude_names": null,
            "exclude_zone_ids": null,
            "filter": null,
            "group_names": [
              "us-east-2"
            ],
            "id": "us-east-2",
            "names": [
              "us-east-2a",
              "us-east-2b",
              "us-east-2c"
            ],
            "state": null,
            "timeouts": null,
            "zone_ids": [
              "use2-az1",
              "use2-az2",
              "use2-az3"
            ]
          },
          "sensitive_attributes": []
        }
      ]
    },
    {
      "mode": "data",
      "type": "http",
      "name": "workstation-external-ip",
      "provider": "provider[\"registry.terraform.io/hashicorp/http\"]",
      "instances": [
        {
          "schema_version": 0,
          "attributes": {
            "body": "219.255.189.48\n",
            "ca_cert_pem": null,
            "id": "http://ipv4.icanhazip.com",
            "insecure": null,
            "method": null,
            "request_body": null,
            "request_headers": null,
            "response_body": "219.255.189.48\n",
            "response_headers": {
              "Access-Control-Allow-Methods": "GET",
              "Access-Control-Allow-Origin": "*",
              "Alt-Svc": "h3=\":443\"; ma=86400, h3-29=\":443\"; ma=86400",
              "Cf-Ray": "77df28c67c7da7d1-ICN",
              "Connection": "keep-alive",
              "Content-Length": "15",
              "Content-Type": "text/plain",
              "Date": "Fri, 23 Dec 2022 06:49:47 GMT",
              "Server": "cloudflare",
              "Set-Cookie": "__cf_bm=JmwhNs9Dk21tio1vIV1zeByEMPCuZY_k8.pDpl7Movo-1671778187-0-ARBZr0/aLmmTTTma9ZormCpDNI1DIxazXHuaRBzziiimZTeoOC7QKYpjK96BYbul1Lwlmgp0ppKNGymeOIYGkB0=; path=/; expires=Fri, 23-Dec-22 07:19:47 GMT; domain=.icanhazip.com; HttpOnly; SameSite=None",
              "Vary": "Accept-Encoding"
            },
            "status_code": 200,
            "url": "http://ipv4.icanhazip.com"
          },
          "sensitive_attributes": []
        }
      ]
    },
    {
      "mode": "managed",
      "type": "aws_eks_cluster",
      "name": "project",
      "provider": "provider[\"registry.terraform.io/hashicorp/aws\"]",
      "instances": [
        {
          "schema_version": 0,
          "attributes": {
            "arn": "arn:aws:eks:us-east-2:018374338799:cluster/terraform-eks-project",
            "certificate_authority": [
              {
                "data": "LS0tLS1CRUdJTiBDRVJUSUZJQ0FURS0tLS0tCk1JSUMvakNDQWVhZ0F3SUJBZ0lCQURBTkJna3Foa2lHOXcwQkFRc0ZBREFWTVJNd0VRWURWUVFERXdwcmRXSmwKY201bGRHVnpNQjRYRFRJeU1USXlNekExTlRrek9Wb1hEVE15TVRJeU1EQTFOVGt6T1Zvd0ZURVRNQkVHQTFVRQpBeE1LYTNWaVpYSnVaWFJsY3pDQ0FTSXdEUVlKS29aSWh2Y05BUUVCQlFBRGdnRVBBRENDQVFvQ2dnRUJBTEZoCkI5dE5PZDdsQ1lRMGs5c1RvUkNabDRpUmZuR0N3Ri9YS3ZUN1VDa1E0MWVPNVN4YnlPdEYwRGJVWkQ3eWF1WTQKTlZNUmpWcDZYaDcyNEtnVWlIOE9jM3ZNamovMXFlY1JDTXJUb0V0WWRJOU5GY0tWU1NiVVNxNlg5ZFFTc0xWWgpXVTVNVXNLSHhZbjZHaHYwY1pobXM4ZnpTRFpiZnZyQ2YrZjduK09Va3NzRzE1Y0NVNzBmcVlJalBXbkIwWk9jClhBeml1OHlKVHJGR09LZFY0SWYvLzRNdFVLQ2ZnSFlOYTNnTFk1K0ZDL0NPcjdkYXlPdU9KVlBaOCs4TDQ0T00KTG5BZGZtUDBoeDgrenBZQ1p2T1JZWVMrNW5Ea0puazlQNXZmYjlkMXhLOWk4dC9QN1RFTlhCZjNYa01ucXA0eApISWsxWlc4N2w0SG5VN2c1bGZrQ0F3RUFBYU5aTUZjd0RnWURWUjBQQVFIL0JBUURBZ0trTUE4R0ExVWRFd0VCCi93UUZNQU1CQWY4d0hRWURWUjBPQkJZRUZKVExPVDJxdzh5ZTlYV2xSWDdick4zQmtjbWpNQlVHQTFVZEVRUU8KTUF5Q0NtdDFZbVZ5Ym1WMFpYTXdEUVlKS29aSWh2Y05BUUVMQlFBRGdnRUJBQjVXb3ZMQjhmNWdBa2VCbkMvegp4ZmlLS1VKdnZYUE42UDRUdGJCcGhubFJqWDBWdDNrbUJpTnZiS1p4TUhZcGhPL0wzZFQrR3lXZVZsRk5ZS3czCk5SM2doeVFqRGVRRGVXV2xHNzE2WHB5TUM0NDh2VXgyRHRYaUZFa3hNQzFBanByNlNzSDR5d29oc2FySTdxNmcKUE93cjIrWUNMQmZwSXc3eW1Yd3JCaWpJMlRPOVNaQWh5VWxkSEZnYWZ1TkhkQzN3VERKUjh5Ump2MitnWDVUZQpkWVV3TkdleGpmVk9CVXlNMythUUdUcHdKMlNVdnR1Z1cwaVE0OGdqbkpqcVJHNVBZRWdhaVM5OVY5WnduYlUyCkl6WmRaNmFTaWh4czQvQUxZd0lUTkduSlhUS1J2SU9OMXF5L29OWmgxNUc2TzEwSFloQmN0ZnNTV0xuM0FJc1oKb3dJPQotLS0tLUVORCBDRVJUSUZJQ0FURS0tLS0tCg=="
              }
            ],
            "cluster_id": null,
            "created_at": "2022-12-23 05:54:43.746 +0000 UTC",
            "enabled_cluster_log_types": [],
            "encryption_config": [],
            "endpoint": "https://5242331BC2053CAE81184C905B1F0F14.gr7.us-east-2.eks.amazonaws.com",
            "id": "terraform-eks-project",
            "identity": [
              {
                "oidc": [
                  {
                    "issuer": "https://oidc.eks.us-east-2.amazonaws.com/id/5242331BC2053CAE81184C905B1F0F14"
                  }
                ]
              }
            ],
            "kubernetes_network_config": [
              {
                "ip_family": "ipv4",
                "service_ipv4_cidr": "172.20.0.0/16",
                "service_ipv6_cidr": ""
              }
            ],
            "name": "terraform-eks-project",
            "outpost_config": [],
            "platform_version": "eks.5",
            "role_arn": "arn:aws:iam::018374338799:role/terraform-eks-project-cluster",
            "status": "ACTIVE",
            "tags": {},
            "tags_all": {},
            "timeouts": null,
            "version": "1.23",
            "vpc_config": [
              {
                "cluster_security_group_id": "sg-07075d679648ee2e5",
                "endpoint_private_access": true,
                "endpoint_public_access": true,
                "public_access_cidrs": [
                  "0.0.0.0/0"
                ],
                "security_group_ids": [
                  "sg-0bd3412c9a583f321"
                ],
                "subnet_ids": [
                  "subnet-0010582dac7c5ffe5",
                  "subnet-0b98d37c0c44d1d14",
                  "subnet-0bc23777a02c4f2e9",
                  "subnet-0dfc43c31497cc604"
                ],
                "vpc_id": "vpc-08005c84507c451b8"
              }
            ]
          },
          "sensitive_attributes": [],
          "private": "eyJlMmJmYjczMC1lY2FhLTExZTYtOGY4OC0zNDM2M2JjN2M0YzAiOnsiY3JlYXRlIjoxODAwMDAwMDAwMDAwLCJkZWxldGUiOjkwMDAwMDAwMDAwMCwidXBkYXRlIjozNjAwMDAwMDAwMDAwfX0=",
          "dependencies": [
            "aws_iam_role.project-cluster",
            "aws_iam_role_policy_attachment.project-cluster-AmazonEKSClusterPolicy",
            "aws_iam_role_policy_attachment.project-cluster-AmazonEKSVPCResourceController",
            "aws_security_group.project-cluster",
            "aws_subnet.terraform-eks-private-subnet",
            "aws_subnet.terraform-eks-public-subnet"
          ]
        }
      ]
    },
    {
      "mode": "managed",
      "type": "aws_eks_node_group",
      "name": "project",
      "provider": "provider[\"registry.terraform.io/hashicorp/aws\"]",
      "instances": [
        {
          "status": "tainted",
          "schema_version": 0,
          "attributes": {
            "ami_type": null,
            "arn": null,
            "capacity_type": null,
            "cluster_name": "terraform-eks-project",
            "disk_size": null,
            "force_update_version": null,
            "id": "terraform-eks-project:project",
            "instance_types": null,
            "labels": null,
            "launch_template": [],
            "node_group_name": "project",
            "node_group_name_prefix": null,
            "node_role_arn": "arn:aws:iam::018374338799:role/terraform-eks-project-node",
            "release_version": null,
            "remote_access": [],
            "resources": null,
            "scaling_config": [
              {
                "desired_size": 1,
                "max_size": 1,
                "min_size": 1
              }
            ],
            "status": null,
            "subnet_ids": [
              "subnet-0010582dac7c5ffe5",
              "subnet-0bc23777a02c4f2e9"
            ],
            "tags": null,
            "tags_all": null,
            "taint": [],
            "timeouts": null,
            "update_config": null,
            "version": null
          },
          "sensitive_attributes": [],
          "private": "eyJlMmJmYjczMC1lY2FhLTExZTYtOGY4OC0zNDM2M2JjN2M0YzAiOnsiY3JlYXRlIjozNjAwMDAwMDAwMDAwLCJkZWxldGUiOjM2MDAwMDAwMDAwMDAsInVwZGF0ZSI6MzYwMDAwMDAwMDAwMH19",
          "dependencies": [
            "aws_eks_cluster.project",
            "aws_iam_role.project-cluster",
            "aws_iam_role.project-node",
            "aws_iam_role_policy_attachment.project-cluster-AmazonEKSClusterPolicy",
            "aws_iam_role_policy_attachment.project-cluster-AmazonEKSVPCResourceController",
            "aws_iam_role_policy_attachment.project-node-AmazonEC2ContainerRegistryReadOnly",
            "aws_iam_role_policy_attachment.project-node-AmazonEKSWorkerNodePolicy",
            "aws_iam_role_policy_attachment.project-node-AmazonEKS_CNI_Policy",
            "aws_security_group.project-cluster",
            "aws_subnet.terraform-eks-private-subnet",
            "aws_subnet.terraform-eks-public-subnet"
          ]
        }
      ]
    },
    {
      "mode": "managed",
      "type": "aws_iam_role",
      "name": "project-cluster",
      "provider": "provider[\"registry.terraform.io/hashicorp/aws\"]",
      "instances": [
        {
          "schema_version": 0,
          "attributes": {
            "arn": "arn:aws:iam::018374338799:role/terraform-eks-project-cluster",
            "assume_role_policy": "{\"Statement\":[{\"Action\":\"sts:AssumeRole\",\"Effect\":\"Allow\",\"Principal\":{\"Service\":\"eks.amazonaws.com\"}}],\"Version\":\"2012-10-17\"}",
            "create_date": "2022-12-23T05:54:40Z",
            "description": "",
            "force_detach_policies": false,
            "id": "terraform-eks-project-cluster",
            "inline_policy": [],
            "managed_policy_arns": [
              "arn:aws:iam::aws:policy/AmazonEKSClusterPolicy",
              "arn:aws:iam::aws:policy/AmazonEKSVPCResourceController"
            ],
            "max_session_duration": 3600,
            "name": "terraform-eks-project-cluster",
            "name_prefix": "",
            "path": "/",
            "permissions_boundary": null,
            "tags": {},
            "tags_all": {},
            "unique_id": "AROAQIRZSFDXXFG67RB4D"
          },
          "sensitive_attributes": [],
          "private": "bnVsbA=="
        }
      ]
    },
    {
      "mode": "managed",
      "type": "aws_iam_role",
      "name": "project-node",
      "provider": "provider[\"registry.terraform.io/hashicorp/aws\"]",
      "instances": [
        {
          "schema_version": 0,
          "attributes": {
            "arn": "arn:aws:iam::018374338799:role/terraform-eks-project-node",
            "assume_role_policy": "{\"Statement\":[{\"Action\":\"sts:AssumeRole\",\"Effect\":\"Allow\",\"Principal\":{\"Service\":\"ec2.amazonaws.com\"}}],\"Version\":\"2012-10-17\"}",
            "create_date": "2022-12-23T05:54:40Z",
            "description": "",
            "force_detach_policies": false,
            "id": "terraform-eks-project-node",
            "inline_policy": [],
            "managed_policy_arns": [
              "arn:aws:iam::aws:policy/AmazonEC2ContainerRegistryReadOnly",
              "arn:aws:iam::aws:policy/AmazonEKSWorkerNodePolicy",
              "arn:aws:iam::aws:policy/AmazonEKS_CNI_Policy"
            ],
            "max_session_duration": 3600,
            "name": "terraform-eks-project-node",
            "name_prefix": "",
            "path": "/",
            "permissions_boundary": null,
            "tags": {},
            "tags_all": {},
            "unique_id": "AROAQIRZSFDXU74YS4QPC"
          },
          "sensitive_attributes": [],
          "private": "bnVsbA=="
        }
      ]
    },
    {
      "mode": "managed",
      "type": "aws_iam_role_policy_attachment",
      "name": "project-cluster-AmazonEKSClusterPolicy",
      "provider": "provider[\"registry.terraform.io/hashicorp/aws\"]",
      "instances": [
        {
          "schema_version": 0,
          "attributes": {
            "id": "terraform-eks-project-cluster-20221223055441753600000001",
            "policy_arn": "arn:aws:iam::aws:policy/AmazonEKSClusterPolicy",
            "role": "terraform-eks-project-cluster"
          },
          "sensitive_attributes": [],
          "private": "bnVsbA==",
          "dependencies": [
            "aws_iam_role.project-cluster"
          ]
        }
      ]
    },
    {
      "mode": "managed",
      "type": "aws_iam_role_policy_attachment",
      "name": "project-cluster-AmazonEKSVPCResourceController",
      "provider": "provider[\"registry.terraform.io/hashicorp/aws\"]",
      "instances": [
        {
          "schema_version": 0,
          "attributes": {
            "id": "terraform-eks-project-cluster-20221223055442049900000003",
            "policy_arn": "arn:aws:iam::aws:policy/AmazonEKSVPCResourceController",
            "role": "terraform-eks-project-cluster"
          },
          "sensitive_attributes": [],
          "private": "bnVsbA==",
          "dependencies": [
            "aws_iam_role.project-cluster"
          ]
        }
      ]
    },
    {
      "mode": "managed",
      "type": "aws_iam_role_policy_attachment",
      "name": "project-node-AmazonEC2ContainerRegistryReadOnly",
      "provider": "provider[\"registry.terraform.io/hashicorp/aws\"]",
      "instances": [
        {
          "schema_version": 0,
          "attributes": {
            "id": "terraform-eks-project-node-20221223055442206100000004",
            "policy_arn": "arn:aws:iam::aws:policy/AmazonEC2ContainerRegistryReadOnly",
            "role": "terraform-eks-project-node"
          },
          "sensitive_attributes": [],
          "private": "bnVsbA==",
          "dependencies": [
            "aws_iam_role.project-node"
          ]
        }
      ]
    },
    {
      "mode": "managed",
      "type": "aws_iam_role_policy_attachment",
      "name": "project-node-AmazonEKSWorkerNodePolicy",
      "provider": "provider[\"registry.terraform.io/hashicorp/aws\"]",
      "instances": [
        {
          "schema_version": 0,
          "attributes": {
            "id": "terraform-eks-project-node-20221223055441980200000002",
            "policy_arn": "arn:aws:iam::aws:policy/AmazonEKSWorkerNodePolicy",
            "role": "terraform-eks-project-node"
          },
          "sensitive_attributes": [],
          "private": "bnVsbA==",
          "dependencies": [
            "aws_iam_role.project-node"
          ]
        }
      ]
    },
    {
      "mode": "managed",
      "type": "aws_iam_role_policy_attachment",
      "name": "project-node-AmazonEKS_CNI_Policy",
      "provider": "provider[\"registry.terraform.io/hashicorp/aws\"]",
      "instances": [
        {
          "schema_version": 0,
          "attributes": {
            "id": "terraform-eks-project-node-20221223055442278500000005",
            "policy_arn": "arn:aws:iam::aws:policy/AmazonEKS_CNI_Policy",
            "role": "terraform-eks-project-node"
          },
          "sensitive_attributes": [],
          "private": "bnVsbA==",
          "dependencies": [
            "aws_iam_role.project-node"
          ]
        }
      ]
    },
    {
      "mode": "managed",
      "type": "aws_internet_gateway",
      "name": "terraform-eks-igw",
      "provider": "provider[\"registry.terraform.io/hashicorp/aws\"]",
      "instances": [
        {
          "schema_version": 0,
          "attributes": {
            "arn": "arn:aws:ec2:us-east-2:018374338799:internet-gateway/igw-0a1792138b2b00e3c",
            "id": "igw-0a1792138b2b00e3c",
            "owner_id": "018374338799",
            "tags": {
              "Name": "terraform-eks-project-igw"
            },
            "tags_all": {
              "Name": "terraform-eks-project-igw"
            },
            "timeouts": null,
            "vpc_id": "vpc-08005c84507c451b8"
          },
          "sensitive_attributes": [],
          "private": "eyJlMmJmYjczMC1lY2FhLTExZTYtOGY4OC0zNDM2M2JjN2M0YzAiOnsiY3JlYXRlIjoxMjAwMDAwMDAwMDAwLCJkZWxldGUiOjEyMDAwMDAwMDAwMDAsInVwZGF0ZSI6MTIwMDAwMDAwMDAwMH19",
          "dependencies": [
            "aws_vpc.project"
          ]
        }
      ]
    },
    {
      "mode": "managed",
      "type": "aws_nat_gateway",
      "name": "terraform-eks-ng",
      "provider": "provider[\"registry.terraform.io/hashicorp/aws\"]",
      "instances": []
    },
    {
      "mode": "managed",
      "type": "aws_route_table",
      "name": "terraform-eks-private-route",
      "provider": "provider[\"registry.terraform.io/hashicorp/aws\"]",
      "instances": []
    },
    {
      "mode": "managed",
      "type": "aws_route_table",
      "name": "terraform-eks-public-route",
      "provider": "provider[\"registry.terraform.io/hashicorp/aws\"]",
      "instances": [
        {
          "schema_version": 0,
          "attributes": {
            "arn": "arn:aws:ec2:us-east-2:018374338799:route-table/rtb-0f38dc113ab30a869",
            "id": "rtb-0f38dc113ab30a869",
            "owner_id": "018374338799",
            "propagating_vgws": [],
            "route": [
              {
                "carrier_gateway_id": "",
                "cidr_block": "0.0.0.0/0",
                "core_network_arn": "",
                "destination_prefix_list_id": "",
                "egress_only_gateway_id": "",
                "gateway_id": "igw-0a1792138b2b00e3c",
                "instance_id": "",
                "ipv6_cidr_block": "",
                "local_gateway_id": "",
                "nat_gateway_id": "",
                "network_interface_id": "",
                "transit_gateway_id": "",
                "vpc_endpoint_id": "",
                "vpc_peering_connection_id": ""
              }
            ],
            "tags": {
              "Name": "terraform-eks-public-route"
            },
            "tags_all": {
              "Name": "terraform-eks-public-route"
            },
            "timeouts": null,
            "vpc_id": "vpc-08005c84507c451b8"
          },
          "sensitive_attributes": [],
          "private": "eyJlMmJmYjczMC1lY2FhLTExZTYtOGY4OC0zNDM2M2JjN2M0YzAiOnsiY3JlYXRlIjozMDAwMDAwMDAwMDAsImRlbGV0ZSI6MzAwMDAwMDAwMDAwLCJ1cGRhdGUiOjEyMDAwMDAwMDAwMH19",
          "dependencies": [
            "aws_internet_gateway.terraform-eks-igw",
            "aws_vpc.project"
          ]
        }
      ]
    },
    {
      "mode": "managed",
      "type": "aws_route_table_association",
      "name": "terraform-eks-private-routing",
      "provider": "provider[\"registry.terraform.io/hashicorp/aws\"]",
      "instances": []
    },
    {
      "mode": "managed",
      "type": "aws_route_table_association",
      "name": "terraform-eks-public-routing",
      "provider": "provider[\"registry.terraform.io/hashicorp/aws\"]",
      "instances": [
        {
          "index_key": 0,
          "schema_version": 0,
          "attributes": {
            "gateway_id": "",
            "id": "rtbassoc-0791586d1d64cf22e",
            "route_table_id": "rtb-0f38dc113ab30a869",
            "subnet_id": "subnet-0dfc43c31497cc604"
          },
          "sensitive_attributes": [],
          "private": "bnVsbA==",
          "dependencies": [
            "aws_internet_gateway.terraform-eks-igw",
            "aws_route_table.terraform-eks-public-route",
            "aws_subnet.terraform-eks-public-subnet",
            "aws_vpc.project",
            "data.aws_availability_zones.available"
          ]
        },
        {
          "index_key": 1,
          "schema_version": 0,
          "attributes": {
            "gateway_id": "",
            "id": "rtbassoc-0886f095758530713",
            "route_table_id": "rtb-0f38dc113ab30a869",
            "subnet_id": "subnet-0b98d37c0c44d1d14"
          },
          "sensitive_attributes": [],
          "private": "bnVsbA==",
          "dependencies": [
            "aws_internet_gateway.terraform-eks-igw",
            "aws_route_table.terraform-eks-public-route",
            "aws_subnet.terraform-eks-public-subnet",
            "aws_vpc.project",
            "data.aws_availability_zones.available"
          ]
        }
      ]
    },
    {
      "mode": "managed",
      "type": "aws_security_group",
      "name": "project-cluster",
      "provider": "provider[\"registry.terraform.io/hashicorp/aws\"]",
      "instances": [
        {
          "schema_version": 1,
          "attributes": {
            "arn": "arn:aws:ec2:us-east-2:018374338799:security-group/sg-0bd3412c9a583f321",
            "description": "Cluster communication with worker nodes",
            "egress": [
              {
                "cidr_blocks": [
                  "0.0.0.0/0"
                ],
                "description": "",
                "from_port": 0,
                "ipv6_cidr_blocks": [],
                "prefix_list_ids": [],
                "protocol": "-1",
                "security_groups": [],
                "self": false,
                "to_port": 0
              }
            ],
            "id": "sg-0bd3412c9a583f321",
            "ingress": [
              {
                "cidr_blocks": [
                  "219.255.189.48/32"
                ],
                "description": "Allow workstation to communicate with the cluster API Server",
                "from_port": 443,
                "ipv6_cidr_blocks": [],
                "prefix_list_ids": [],
                "protocol": "tcp",
                "security_groups": [],
                "self": false,
                "to_port": 443
              }
            ],
            "name": "terraform-eks-project-cluster",
            "name_prefix": "",
            "owner_id": "018374338799",
            "revoke_rules_on_delete": false,
            "tags": {
              "Name": "terraform-eks-project"
            },
            "tags_all": {
              "Name": "terraform-eks-project"
            },
            "timeouts": null,
            "vpc_id": "vpc-08005c84507c451b8"
          },
          "sensitive_attributes": [],
          "private": "eyJlMmJmYjczMC1lY2FhLTExZTYtOGY4OC0zNDM2M2JjN2M0YzAiOnsiY3JlYXRlIjo2MDAwMDAwMDAwMDAsImRlbGV0ZSI6OTAwMDAwMDAwMDAwfSwic2NoZW1hX3ZlcnNpb24iOiIxIn0=",
          "dependencies": [
            "aws_vpc.project"
          ]
        }
      ]
    },
    {
      "mode": "managed",
      "type": "aws_security_group_rule",
      "name": "project-cluster-ingress-workstation-https",
      "provider": "provider[\"registry.terraform.io/hashicorp/aws\"]",
      "instances": [
        {
          "schema_version": 2,
          "attributes": {
            "cidr_blocks": [
              "219.255.189.48/32"
            ],
            "description": "Allow workstation to communicate with the cluster API Server",
            "from_port": 443,
            "id": "sgrule-3297925155",
            "ipv6_cidr_blocks": null,
            "prefix_list_ids": null,
            "protocol": "tcp",
            "security_group_id": "sg-0bd3412c9a583f321",
            "security_group_rule_id": "sgr-0bb8d9db4fa020014",
            "self": false,
            "source_security_group_id": null,
            "timeouts": null,
            "to_port": 443,
            "type": "ingress"
          },
          "sensitive_attributes": [],
          "private": "eyJlMmJmYjczMC1lY2FhLTExZTYtOGY4OC0zNDM2M2JjN2M0YzAiOnsiY3JlYXRlIjozMDAwMDAwMDAwMDB9LCJzY2hlbWFfdmVyc2lvbiI6IjIifQ==",
          "dependencies": [
            "aws_security_group.project-cluster",
            "aws_vpc.project",
            "data.http.workstation-external-ip"
          ]
        }
      ]
    },
    {
      "mode": "managed",
      "type": "aws_subnet",
      "name": "terraform-eks-private-subnet",
      "provider": "provider[\"registry.terraform.io/hashicorp/aws\"]",
      "instances": [
        {
          "index_key": 0,
          "schema_version": 1,
          "attributes": {
            "arn": "arn:aws:ec2:us-east-2:018374338799:subnet/subnet-0010582dac7c5ffe5",
            "assign_ipv6_address_on_creation": false,
            "availability_zone": "us-east-2a",
            "availability_zone_id": "use2-az1",
            "cidr_block": "10.0.3.0/24",
            "customer_owned_ipv4_pool": "",
            "enable_dns64": false,
            "enable_resource_name_dns_a_record_on_launch": false,
            "enable_resource_name_dns_aaaa_record_on_launch": false,
            "id": "subnet-0010582dac7c5ffe5",
            "ipv6_cidr_block": "",
            "ipv6_cidr_block_association_id": "",
            "ipv6_native": false,
            "map_customer_owned_ip_on_launch": false,
            "map_public_ip_on_launch": false,
            "outpost_arn": "",
            "owner_id": "018374338799",
            "private_dns_hostname_type_on_launch": "ip-name",
            "tags": {
              "Name": "terraform-eks-private-a",
              "kubernetes.io/cluster/terraform-eks-project": "shared"
            },
            "tags_all": {
              "Name": "terraform-eks-private-a",
              "kubernetes.io/cluster/terraform-eks-project": "shared"
            },
            "timeouts": null,
            "vpc_id": "vpc-08005c84507c451b8"
          },
          "sensitive_attributes": [],
          "private": "eyJlMmJmYjczMC1lY2FhLTExZTYtOGY4OC0zNDM2M2JjN2M0YzAiOnsiY3JlYXRlIjo2MDAwMDAwMDAwMDAsImRlbGV0ZSI6MTIwMDAwMDAwMDAwMH0sInNjaGVtYV92ZXJzaW9uIjoiMSJ9",
          "dependencies": [
            "aws_vpc.project",
            "data.aws_availability_zones.available"
          ]
        },
        {
          "index_key": 1,
          "schema_version": 1,
          "attributes": {
            "arn": "arn:aws:ec2:us-east-2:018374338799:subnet/subnet-0bc23777a02c4f2e9",
            "assign_ipv6_address_on_creation": false,
            "availability_zone": "us-east-2b",
            "availability_zone_id": "use2-az2",
            "cidr_block": "10.0.4.0/24",
            "customer_owned_ipv4_pool": "",
            "enable_dns64": false,
            "enable_resource_name_dns_a_record_on_launch": false,
            "enable_resource_name_dns_aaaa_record_on_launch": false,
            "id": "subnet-0bc23777a02c4f2e9",
            "ipv6_cidr_block": "",
            "ipv6_cidr_block_association_id": "",
            "ipv6_native": false,
            "map_customer_owned_ip_on_launch": false,
            "map_public_ip_on_launch": false,
            "outpost_arn": "",
            "owner_id": "018374338799",
            "private_dns_hostname_type_on_launch": "ip-name",
            "tags": {
              "Name": "terraform-eks-private-c",
              "kubernetes.io/cluster/terraform-eks-project": "shared"
            },
            "tags_all": {
              "Name": "terraform-eks-private-c",
              "kubernetes.io/cluster/terraform-eks-project": "shared"
            },
            "timeouts": null,
            "vpc_id": "vpc-08005c84507c451b8"
          },
          "sensitive_attributes": [],
          "private": "eyJlMmJmYjczMC1lY2FhLTExZTYtOGY4OC0zNDM2M2JjN2M0YzAiOnsiY3JlYXRlIjo2MDAwMDAwMDAwMDAsImRlbGV0ZSI6MTIwMDAwMDAwMDAwMH0sInNjaGVtYV92ZXJzaW9uIjoiMSJ9",
          "dependencies": [
            "aws_vpc.project",
            "data.aws_availability_zones.available"
          ]
        }
      ]
    },
    {
      "mode": "managed",
      "type": "aws_subnet",
      "name": "terraform-eks-public-subnet",
      "provider": "provider[\"registry.terraform.io/hashicorp/aws\"]",
      "instances": [
        {
          "index_key": 0,
          "schema_version": 1,
          "attributes": {
            "arn": "arn:aws:ec2:us-east-2:018374338799:subnet/subnet-0dfc43c31497cc604",
            "assign_ipv6_address_on_creation": false,
            "availability_zone": "us-east-2a",
            "availability_zone_id": "use2-az1",
            "cidr_block": "10.0.1.0/24",
            "customer_owned_ipv4_pool": "",
            "enable_dns64": false,
            "enable_resource_name_dns_a_record_on_launch": false,
            "enable_resource_name_dns_aaaa_record_on_launch": false,
            "id": "subnet-0dfc43c31497cc604",
            "ipv6_cidr_block": "",
            "ipv6_cidr_block_association_id": "",
            "ipv6_native": false,
            "map_customer_owned_ip_on_launch": false,
            "map_public_ip_on_launch": true,
            "outpost_arn": "",
            "owner_id": "018374338799",
            "private_dns_hostname_type_on_launch": "ip-name",
            "tags": {
              "Name": "terraform-eks-public-a",
              "kubernetes.io/cluster/terraform-eks-project": "shared"
            },
            "tags_all": {
              "Name": "terraform-eks-public-a",
              "kubernetes.io/cluster/terraform-eks-project": "shared"
            },
            "timeouts": null,
            "vpc_id": "vpc-08005c84507c451b8"
          },
          "sensitive_attributes": [],
          "private": "eyJlMmJmYjczMC1lY2FhLTExZTYtOGY4OC0zNDM2M2JjN2M0YzAiOnsiY3JlYXRlIjo2MDAwMDAwMDAwMDAsImRlbGV0ZSI6MTIwMDAwMDAwMDAwMH0sInNjaGVtYV92ZXJzaW9uIjoiMSJ9",
          "dependencies": [
            "aws_vpc.project",
            "data.aws_availability_zones.available"
          ]
        },
        {
          "index_key": 1,
          "schema_version": 1,
          "attributes": {
            "arn": "arn:aws:ec2:us-east-2:018374338799:subnet/subnet-0b98d37c0c44d1d14",
            "assign_ipv6_address_on_creation": false,
            "availability_zone": "us-east-2b",
            "availability_zone_id": "use2-az2",
            "cidr_block": "10.0.2.0/24",
            "customer_owned_ipv4_pool": "",
            "enable_dns64": false,
            "enable_resource_name_dns_a_record_on_launch": false,
            "enable_resource_name_dns_aaaa_record_on_launch": false,
            "id": "subnet-0b98d37c0c44d1d14",
            "ipv6_cidr_block": "",
            "ipv6_cidr_block_association_id": "",
            "ipv6_native": false,
            "map_customer_owned_ip_on_launch": false,
            "map_public_ip_on_launch": true,
            "outpost_arn": "",
            "owner_id": "018374338799",
            "private_dns_hostname_type_on_launch": "ip-name",
            "tags": {
              "Name": "terraform-eks-public-c",
              "kubernetes.io/cluster/terraform-eks-project": "shared"
            },
            "tags_all": {
              "Name": "terraform-eks-public-c",
              "kubernetes.io/cluster/terraform-eks-project": "shared"
            },
            "timeouts": null,
            "vpc_id": "vpc-08005c84507c451b8"
          },
          "sensitive_attributes": [],
          "private": "eyJlMmJmYjczMC1lY2FhLTExZTYtOGY4OC0zNDM2M2JjN2M0YzAiOnsiY3JlYXRlIjo2MDAwMDAwMDAwMDAsImRlbGV0ZSI6MTIwMDAwMDAwMDAwMH0sInNjaGVtYV92ZXJzaW9uIjoiMSJ9",
          "dependencies": [
            "aws_vpc.project",
            "data.aws_availability_zones.available"
          ]
        }
      ]
    },
    {
      "mode": "managed",
      "type": "aws_vpc",
      "name": "project",
      "provider": "provider[\"registry.terraform.io/hashicorp/aws\"]",
      "instances": [
        {
          "schema_version": 1,
          "attributes": {
            "arn": "arn:aws:ec2:us-east-2:018374338799:vpc/vpc-08005c84507c451b8",
            "assign_generated_ipv6_cidr_block": false,
            "cidr_block": "10.0.0.0/16",
            "default_network_acl_id": "acl-0f4bcd6b935bede94",
            "default_route_table_id": "rtb-0bccc93e073693c03",
            "default_security_group_id": "sg-06fd61aedde00e420",
            "dhcp_options_id": "dopt-0ca63e11fc60575d0",
            "enable_classiclink": false,
            "enable_classiclink_dns_support": false,
            "enable_dns_hostnames": false,
            "enable_dns_support": true,
            "enable_network_address_usage_metrics": false,
            "id": "vpc-08005c84507c451b8",
            "instance_tenancy": "default",
            "ipv4_ipam_pool_id": null,
            "ipv4_netmask_length": null,
            "ipv6_association_id": "",
            "ipv6_cidr_block": "",
            "ipv6_cidr_block_network_border_group": "",
            "ipv6_ipam_pool_id": "",
            "ipv6_netmask_length": 0,
            "main_route_table_id": "rtb-0bccc93e073693c03",
            "owner_id": "018374338799",
            "tags": {
              "Name": "terraform-eks-project-node",
              "kubernetes.io/cluster/terraform-eks-project": "shared"
            },
            "tags_all": {
              "Name": "terraform-eks-project-node",
              "kubernetes.io/cluster/terraform-eks-project": "shared"
            }
          },
          "sensitive_attributes": [],
          "private": "eyJzY2hlbWFfdmVyc2lvbiI6IjEifQ=="
        }
      ]
    }
  ],
  "check_results": null
}
