{
  "version": 4,
  "terraform_version": "1.3.6",
  "serial": 92,
  "lineage": "82fe4d5f-6718-21bd-7705-9e8dcc2f24b4",
  "outputs": {
    "config_map_aws_auth": {
      "value": "\n\napiVersion: v1\nkind: ConfigMap\nmetadata:\n  name: aws-auth\n  namespace: kube-system\ndata:\n  mapRoles: |\n    - rolearn: arn:aws:iam::018374338799:role/terraform-eks-project-node\n      username: system:node:{{EC2PrivateDNSName}}\n      groups:\n        - system:bootstrappers\n        - system:nodes\n",
      "type": "string"
    },
    "kubeconfig": {
      "value": "\n\napiVersion: v1\nclusters:\n- cluster:\n    server: https://1EF5D8F714C0FD99FBF246E10EF79775.sk1.us-east-1.eks.amazonaws.com\n    certificate-authority-data: LS0tLS1CRUdJTiBDRVJUSUZJQ0FURS0tLS0tCk1JSUMvakNDQWVhZ0F3SUJBZ0lCQURBTkJna3Foa2lHOXcwQkFRc0ZBREFWTVJNd0VRWURWUVFERXdwcmRXSmwKY201bGRHVnpNQjRYRFRJeU1USXlNekEzTkRneU1Wb1hEVE15TVRJeU1EQTNORGd5TVZvd0ZURVRNQkVHQTFVRQpBeE1LYTNWaVpYSnVaWFJsY3pDQ0FTSXdEUVlKS29aSWh2Y05BUUVCQlFBRGdnRVBBRENDQVFvQ2dnRUJBS2JqCk1nY3dpYjN5eW1BRWV5cDlzWUFlOVlwQXN1Yy9pY1pQWWlxSUQvUXBnMWtYc1k1R3BYRFA5SEZWRVcvMVhkQ3oKeDRIS2JSb1NvZmNKcTVDVGd3eTBTMERiZS8yK0Z5eWl6bDFDempQeXY4REhlb1JKVytTR25JclUxV0luUWFhZApKb3VzeE5IdHg5ZmQ3WHJjZVh4dDBrSUdQOEpIN3ZMT0crMkwzWnJ1bXNQWWFXNitFWCtXcEk2Tm5HOGlpQTV0CnNTc3ZPRWtRRzlsclJoN3B6dmZtWjcwN0Mwb012TnBWRlM0b1MwVDQyYUUyaUdWcEd3cDVBNnlGa214b2lSc1EKdHlzNkxuWUtwaTh0MTh1TjZqTnZ4N0lCRklsb2RndWJ6U2oxbzZHSjFWY0VUWE9LRDIvRjdGL0lmbk12NCtEZQpLTThId1JjVUtYT1lzVlE0VWNVQ0F3RUFBYU5aTUZjd0RnWURWUjBQQVFIL0JBUURBZ0trTUE4R0ExVWRFd0VCCi93UUZNQU1CQWY4d0hRWURWUjBPQkJZRUZMTHFkRnBYQURBV21rdjB3cUNsM0xPSmlSOWhNQlVHQTFVZEVRUU8KTUF5Q0NtdDFZbVZ5Ym1WMFpYTXdEUVlKS29aSWh2Y05BUUVMQlFBRGdnRUJBRmlyR1hCcGszU2RicWgraG5zQgovbVZwOEpvbS9lTkJmVGlhWW56VnFDZnFVSXZGMDI3QVllUTlkMVQ4RUxWQW9pb1NMaFJyM2VKV3FJbXNuTDdnCk5aMS91UWc2NWJNY1lWQkhOaXVaNWp3TEtaZ3RWeEFsVXZ6Uk9pbDVJc2Jra3gzWnF0R01jT3p1RFIxREo1YTgKcDR2RE9vV2dFeHh3Z1JEOW02SFhGQXMrZDAxcTlHMHBDbllkQWNUT3gvSjZzd3g0WU9TU2ZMTE43YWNJUVlKVwpwMHFsSUtzOFdGZUpVSm1XVXF4ZE4rY0lCNVRNOEtDb2k4NEQzMXF4blh1MHdaS25lTlFhS2I2UUZmRy81OW82CmgvUHgwRnVsUVRHU3QyN3huYTFSUTBSekxyWkJCekc3OXdzUlJRNFRyUVRLRFRrYWRJb091WTIxWW9NL3pjRUMKQ1pJPQotLS0tLUVORCBDRVJUSUZJQ0FURS0tLS0tCg==\n  name: kubernetes\ncontexts:\n- context:\n    cluster: kubernetes\n    user: aws\n  name: aws\ncurrent-context: aws\nkind: Config\npreferences: {}\nusers:\n- name: aws\n  user:\n    exec:\n      apiVersion: client.authentication.k8s.io/v1beta1\n      command: aws-iam-authenticator\n      args:\n        - \"token\"\n        - \"-i\"\n        - \"terraform-eks-project\"\n",
      "type": "string"
    }
  },
  "resources": [
    {
      "mode": "data",
      "type": "aws_availability_zones",
      "name": "available",
      "provider": "provider[\"registry.terraform.io/hashicorp/aws\"]",
      "instances": [
        {
          "schema_version": 0,
          "attributes": {
            "all_availability_zones": null,
            "exclude_names": null,
            "exclude_zone_ids": null,
            "filter": null,
            "group_names": [
              "us-east-1"
            ],
            "id": "us-east-1",
            "names": [
              "us-east-1a",
              "us-east-1b",
              "us-east-1c",
              "us-east-1d",
              "us-east-1e",
              "us-east-1f"
            ],
            "state": null,
            "timeouts": null,
            "zone_ids": [
              "use1-az6",
              "use1-az1",
              "use1-az2",
              "use1-az4",
              "use1-az3",
              "use1-az5"
            ]
          },
          "sensitive_attributes": []
        }
      ]
    },
    {
      "mode": "data",
      "type": "http",
      "name": "workstation-external-ip",
      "provider": "provider[\"registry.terraform.io/hashicorp/http\"]",
      "instances": [
        {
          "schema_version": 0,
          "attributes": {
            "body": "219.255.189.48\n",
            "ca_cert_pem": null,
            "id": "http://ipv4.icanhazip.com",
            "insecure": null,
            "method": null,
            "request_body": null,
            "request_headers": null,
            "response_body": "219.255.189.48\n",
            "response_headers": {
              "Access-Control-Allow-Methods": "GET",
              "Access-Control-Allow-Origin": "*",
              "Alt-Svc": "h3=\":443\"; ma=86400, h3-29=\":443\"; ma=86400",
              "Cf-Ray": "77df748d8df53532-ICN",
              "Connection": "keep-alive",
              "Content-Length": "15",
              "Content-Type": "text/plain",
              "Date": "Fri, 23 Dec 2022 07:41:31 GMT",
              "Server": "cloudflare",
              "Set-Cookie": "__cf_bm=1LLsv9nRouK1Nvo.Y3xncSnDi6NeQadfCx0pY2lSLn4-1671781291-0-AdO9V87wYfMKjd7zEP7sPsyMsGGxwERkB2WPS5RETEqoa4ZSAhKtop/FMkNSjyQ4mzZgmgyTWVtE99p1u6VNNFw=; path=/; expires=Fri, 23-Dec-22 08:11:31 GMT; domain=.icanhazip.com; HttpOnly; SameSite=None",
              "Vary": "Accept-Encoding"
            },
            "status_code": 200,
            "url": "http://ipv4.icanhazip.com"
          },
          "sensitive_attributes": []
        }
      ]
    },
    {
      "mode": "managed",
      "type": "aws_eip",
      "name": "terraform-eks-EIP",
      "provider": "provider[\"registry.terraform.io/hashicorp/aws\"]",
      "instances": [
        {
          "schema_version": 0,
          "attributes": {
            "address": null,
            "allocation_id": "eipalloc-047c73891131da09e",
            "associate_with_private_ip": null,
            "association_id": "",
            "carrier_ip": "",
            "customer_owned_ip": "",
            "customer_owned_ipv4_pool": "",
            "domain": "vpc",
            "id": "eipalloc-047c73891131da09e",
            "instance": "",
            "network_border_group": "us-east-1",
            "network_interface": "",
            "private_dns": null,
            "private_ip": "",
            "public_dns": "ec2-34-237-147-247.compute-1.amazonaws.com",
            "public_ip": "34.237.147.247",
            "public_ipv4_pool": "amazon",
            "tags": null,
            "tags_all": {},
            "timeouts": null,
            "vpc": true
          },
          "sensitive_attributes": [],
          "private": "eyJlMmJmYjczMC1lY2FhLTExZTYtOGY4OC0zNDM2M2JjN2M0YzAiOnsiZGVsZXRlIjoxODAwMDAwMDAwMDAsInJlYWQiOjkwMDAwMDAwMDAwMCwidXBkYXRlIjozMDAwMDAwMDAwMDB9fQ==",
          "create_before_destroy": true
        }
      ]
    },
    {
      "mode": "managed",
      "type": "aws_eks_cluster",
      "name": "project",
      "provider": "provider[\"registry.terraform.io/hashicorp/aws\"]",
      "instances": [
        {
          "schema_version": 0,
          "attributes": {
            "arn": "arn:aws:eks:us-east-1:018374338799:cluster/terraform-eks-project",
            "certificate_authority": [
              {
                "data": "LS0tLS1CRUdJTiBDRVJUSUZJQ0FURS0tLS0tCk1JSUMvakNDQWVhZ0F3SUJBZ0lCQURBTkJna3Foa2lHOXcwQkFRc0ZBREFWTVJNd0VRWURWUVFERXdwcmRXSmwKY201bGRHVnpNQjRYRFRJeU1USXlNekEzTkRneU1Wb1hEVE15TVRJeU1EQTNORGd5TVZvd0ZURVRNQkVHQTFVRQpBeE1LYTNWaVpYSnVaWFJsY3pDQ0FTSXdEUVlKS29aSWh2Y05BUUVCQlFBRGdnRVBBRENDQVFvQ2dnRUJBS2JqCk1nY3dpYjN5eW1BRWV5cDlzWUFlOVlwQXN1Yy9pY1pQWWlxSUQvUXBnMWtYc1k1R3BYRFA5SEZWRVcvMVhkQ3oKeDRIS2JSb1NvZmNKcTVDVGd3eTBTMERiZS8yK0Z5eWl6bDFDempQeXY4REhlb1JKVytTR25JclUxV0luUWFhZApKb3VzeE5IdHg5ZmQ3WHJjZVh4dDBrSUdQOEpIN3ZMT0crMkwzWnJ1bXNQWWFXNitFWCtXcEk2Tm5HOGlpQTV0CnNTc3ZPRWtRRzlsclJoN3B6dmZtWjcwN0Mwb012TnBWRlM0b1MwVDQyYUUyaUdWcEd3cDVBNnlGa214b2lSc1EKdHlzNkxuWUtwaTh0MTh1TjZqTnZ4N0lCRklsb2RndWJ6U2oxbzZHSjFWY0VUWE9LRDIvRjdGL0lmbk12NCtEZQpLTThId1JjVUtYT1lzVlE0VWNVQ0F3RUFBYU5aTUZjd0RnWURWUjBQQVFIL0JBUURBZ0trTUE4R0ExVWRFd0VCCi93UUZNQU1CQWY4d0hRWURWUjBPQkJZRUZMTHFkRnBYQURBV21rdjB3cUNsM0xPSmlSOWhNQlVHQTFVZEVRUU8KTUF5Q0NtdDFZbVZ5Ym1WMFpYTXdEUVlKS29aSWh2Y05BUUVMQlFBRGdnRUJBRmlyR1hCcGszU2RicWgraG5zQgovbVZwOEpvbS9lTkJmVGlhWW56VnFDZnFVSXZGMDI3QVllUTlkMVQ4RUxWQW9pb1NMaFJyM2VKV3FJbXNuTDdnCk5aMS91UWc2NWJNY1lWQkhOaXVaNWp3TEtaZ3RWeEFsVXZ6Uk9pbDVJc2Jra3gzWnF0R01jT3p1RFIxREo1YTgKcDR2RE9vV2dFeHh3Z1JEOW02SFhGQXMrZDAxcTlHMHBDbllkQWNUT3gvSjZzd3g0WU9TU2ZMTE43YWNJUVlKVwpwMHFsSUtzOFdGZUpVSm1XVXF4ZE4rY0lCNVRNOEtDb2k4NEQzMXF4blh1MHdaS25lTlFhS2I2UUZmRy81OW82CmgvUHgwRnVsUVRHU3QyN3huYTFSUTBSekxyWkJCekc3OXdzUlJRNFRyUVRLRFRrYWRJb091WTIxWW9NL3pjRUMKQ1pJPQotLS0tLUVORCBDRVJUSUZJQ0FURS0tLS0tCg=="
              }
            ],
            "cluster_id": null,
            "created_at": "2022-12-23 07:42:00.053 +0000 UTC",
            "enabled_cluster_log_types": null,
            "encryption_config": [],
            "endpoint": "https://1EF5D8F714C0FD99FBF246E10EF79775.sk1.us-east-1.eks.amazonaws.com",
            "id": "terraform-eks-project",
            "identity": [
              {
                "oidc": [
                  {
                    "issuer": "https://oidc.eks.us-east-1.amazonaws.com/id/1EF5D8F714C0FD99FBF246E10EF79775"
                  }
                ]
              }
            ],
            "kubernetes_network_config": [
              {
                "ip_family": "ipv4",
                "service_ipv4_cidr": "172.20.0.0/16",
                "service_ipv6_cidr": ""
              }
            ],
            "name": "terraform-eks-project",
            "outpost_config": [],
            "platform_version": "eks.5",
            "role_arn": "arn:aws:iam::018374338799:role/terraform-eks-project-cluster",
            "status": "ACTIVE",
            "tags": null,
            "tags_all": {},
            "timeouts": null,
            "version": "1.23",
            "vpc_config": [
              {
                "cluster_security_group_id": "sg-0a1e28a6906ed2ed4",
                "endpoint_private_access": true,
                "endpoint_public_access": true,
                "public_access_cidrs": [
                  "0.0.0.0/0"
                ],
                "security_group_ids": [
                  "sg-00f1e8781b4acdd42"
                ],
                "subnet_ids": [
                  "subnet-00b7f4f9c026b0379",
                  "subnet-00c9f2ec622f09d8d",
                  "subnet-059a2a2b2665bf16f",
                  "subnet-060866e4a617f7445"
                ],
                "vpc_id": "vpc-04c854d8ede876d31"
              }
            ]
          },
          "sensitive_attributes": [],
          "private": "eyJlMmJmYjczMC1lY2FhLTExZTYtOGY4OC0zNDM2M2JjN2M0YzAiOnsiY3JlYXRlIjoxODAwMDAwMDAwMDAwLCJkZWxldGUiOjkwMDAwMDAwMDAwMCwidXBkYXRlIjozNjAwMDAwMDAwMDAwfX0=",
          "dependencies": [
            "aws_iam_role.project-cluster",
            "aws_iam_role_policy_attachment.project-cluster-AmazonEKSClusterPolicy",
            "aws_iam_role_policy_attachment.project-cluster-AmazonEKSVPCResourceController",
            "aws_security_group.project-cluster",
            "aws_subnet.terraform-eks-private-subnet",
            "aws_subnet.terraform-eks-public-subnet",
            "aws_vpc.project",
            "data.aws_availability_zones.available"
          ]
        }
      ]
    },
    {
      "mode": "managed",
      "type": "aws_eks_node_group",
      "name": "project",
      "provider": "provider[\"registry.terraform.io/hashicorp/aws\"]",
      "instances": [
        {
          "schema_version": 0,
          "attributes": {
            "ami_type": "AL2_x86_64",
            "arn": "arn:aws:eks:us-east-1:018374338799:nodegroup/terraform-eks-project/project/06c29efc-cb4f-8357-cb33-ff41b2aebf59",
            "capacity_type": "ON_DEMAND",
            "cluster_name": "terraform-eks-project",
            "disk_size": 20,
            "force_update_version": null,
            "id": "terraform-eks-project:project",
            "instance_types": [
              "t3.medium"
            ],
            "labels": null,
            "launch_template": [],
            "node_group_name": "project",
            "node_group_name_prefix": "",
            "node_role_arn": "arn:aws:iam::018374338799:role/terraform-eks-project-node",
            "release_version": "1.23.13-20221112",
            "remote_access": [],
            "resources": [
              {
                "autoscaling_groups": [
                  {
                    "name": "eks-project-06c29efc-cb4f-8357-cb33-ff41b2aebf59"
                  }
                ],
                "remote_access_security_group_id": ""
              }
            ],
            "scaling_config": [
              {
                "desired_size": 1,
                "max_size": 1,
                "min_size": 1
              }
            ],
            "status": "ACTIVE",
            "subnet_ids": [
              "subnet-00b7f4f9c026b0379",
              "subnet-059a2a2b2665bf16f"
            ],
            "tags": null,
            "tags_all": {},
            "taint": [],
            "timeouts": null,
            "update_config": [
              {
                "max_unavailable": 1,
                "max_unavailable_percentage": 0
              }
            ],
            "version": "1.23"
          },
          "sensitive_attributes": [],
          "private": "eyJlMmJmYjczMC1lY2FhLTExZTYtOGY4OC0zNDM2M2JjN2M0YzAiOnsiY3JlYXRlIjozNjAwMDAwMDAwMDAwLCJkZWxldGUiOjM2MDAwMDAwMDAwMDAsInVwZGF0ZSI6MzYwMDAwMDAwMDAwMH19",
          "dependencies": [
            "aws_eks_cluster.project",
            "aws_iam_role.project-cluster",
            "aws_iam_role.project-node",
            "aws_iam_role_policy_attachment.project-cluster-AmazonEKSClusterPolicy",
            "aws_iam_role_policy_attachment.project-cluster-AmazonEKSVPCResourceController",
            "aws_iam_role_policy_attachment.project-node-AmazonEC2ContainerRegistryReadOnly",
            "aws_iam_role_policy_attachment.project-node-AmazonEKSWorkerNodePolicy",
            "aws_iam_role_policy_attachment.project-node-AmazonEKS_CNI_Policy",
            "aws_security_group.project-cluster",
            "aws_subnet.terraform-eks-private-subnet",
            "aws_subnet.terraform-eks-public-subnet",
            "aws_vpc.project",
            "data.aws_availability_zones.available"
          ]
        }
      ]
    },
    {
      "mode": "managed",
      "type": "aws_iam_role",
      "name": "project-cluster",
      "provider": "provider[\"registry.terraform.io/hashicorp/aws\"]",
      "instances": [
        {
          "schema_version": 0,
          "attributes": {
            "arn": "arn:aws:iam::018374338799:role/terraform-eks-project-cluster",
            "assume_role_policy": "{\"Statement\":[{\"Action\":\"sts:AssumeRole\",\"Effect\":\"Allow\",\"Principal\":{\"Service\":\"eks.amazonaws.com\"}}],\"Version\":\"2012-10-17\"}",
            "create_date": "2022-12-23T05:54:40Z",
            "description": "",
            "force_detach_policies": false,
            "id": "terraform-eks-project-cluster",
            "inline_policy": [],
            "managed_policy_arns": [
              "arn:aws:iam::aws:policy/AmazonEKSClusterPolicy",
              "arn:aws:iam::aws:policy/AmazonEKSVPCResourceController"
            ],
            "max_session_duration": 3600,
            "name": "terraform-eks-project-cluster",
            "name_prefix": "",
            "path": "/",
            "permissions_boundary": null,
            "tags": {},
            "tags_all": {},
            "unique_id": "AROAQIRZSFDXXFG67RB4D"
          },
          "sensitive_attributes": [],
          "private": "bnVsbA=="
        }
      ]
    },
    {
      "mode": "managed",
      "type": "aws_iam_role",
      "name": "project-node",
      "provider": "provider[\"registry.terraform.io/hashicorp/aws\"]",
      "instances": [
        {
          "schema_version": 0,
          "attributes": {
            "arn": "arn:aws:iam::018374338799:role/terraform-eks-project-node",
            "assume_role_policy": "{\"Statement\":[{\"Action\":\"sts:AssumeRole\",\"Effect\":\"Allow\",\"Principal\":{\"Service\":\"ec2.amazonaws.com\"}}],\"Version\":\"2012-10-17\"}",
            "create_date": "2022-12-23T05:54:40Z",
            "description": "",
            "force_detach_policies": false,
            "id": "terraform-eks-project-node",
            "inline_policy": [],
            "managed_policy_arns": [
              "arn:aws:iam::aws:policy/AmazonEC2ContainerRegistryReadOnly",
              "arn:aws:iam::aws:policy/AmazonEKSWorkerNodePolicy",
              "arn:aws:iam::aws:policy/AmazonEKS_CNI_Policy"
            ],
            "max_session_duration": 3600,
            "name": "terraform-eks-project-node",
            "name_prefix": "",
            "path": "/",
            "permissions_boundary": null,
            "tags": {},
            "tags_all": {},
            "unique_id": "AROAQIRZSFDXU74YS4QPC"
          },
          "sensitive_attributes": [],
          "private": "bnVsbA=="
        }
      ]
    },
    {
      "mode": "managed",
      "type": "aws_iam_role_policy_attachment",
      "name": "project-cluster-AmazonEKSClusterPolicy",
      "provider": "provider[\"registry.terraform.io/hashicorp/aws\"]",
      "instances": [
        {
          "schema_version": 0,
          "attributes": {
            "id": "terraform-eks-project-cluster-20221223055441753600000001",
            "policy_arn": "arn:aws:iam::aws:policy/AmazonEKSClusterPolicy",
            "role": "terraform-eks-project-cluster"
          },
          "sensitive_attributes": [],
          "private": "bnVsbA==",
          "dependencies": [
            "aws_iam_role.project-cluster"
          ]
        }
      ]
    },
    {
      "mode": "managed",
      "type": "aws_iam_role_policy_attachment",
      "name": "project-cluster-AmazonEKSVPCResourceController",
      "provider": "provider[\"registry.terraform.io/hashicorp/aws\"]",
      "instances": [
        {
          "schema_version": 0,
          "attributes": {
            "id": "terraform-eks-project-cluster-20221223055442049900000003",
            "policy_arn": "arn:aws:iam::aws:policy/AmazonEKSVPCResourceController",
            "role": "terraform-eks-project-cluster"
          },
          "sensitive_attributes": [],
          "private": "bnVsbA==",
          "dependencies": [
            "aws_iam_role.project-cluster"
          ]
        }
      ]
    },
    {
      "mode": "managed",
      "type": "aws_iam_role_policy_attachment",
      "name": "project-node-AmazonEC2ContainerRegistryReadOnly",
      "provider": "provider[\"registry.terraform.io/hashicorp/aws\"]",
      "instances": [
        {
          "schema_version": 0,
          "attributes": {
            "id": "terraform-eks-project-node-20221223055442206100000004",
            "policy_arn": "arn:aws:iam::aws:policy/AmazonEC2ContainerRegistryReadOnly",
            "role": "terraform-eks-project-node"
          },
          "sensitive_attributes": [],
          "private": "bnVsbA==",
          "dependencies": [
            "aws_iam_role.project-node"
          ]
        }
      ]
    },
    {
      "mode": "managed",
      "type": "aws_iam_role_policy_attachment",
      "name": "project-node-AmazonEKSWorkerNodePolicy",
      "provider": "provider[\"registry.terraform.io/hashicorp/aws\"]",
      "instances": [
        {
          "schema_version": 0,
          "attributes": {
            "id": "terraform-eks-project-node-20221223055441980200000002",
            "policy_arn": "arn:aws:iam::aws:policy/AmazonEKSWorkerNodePolicy",
            "role": "terraform-eks-project-node"
          },
          "sensitive_attributes": [],
          "private": "bnVsbA==",
          "dependencies": [
            "aws_iam_role.project-node"
          ]
        }
      ]
    },
    {
      "mode": "managed",
      "type": "aws_iam_role_policy_attachment",
      "name": "project-node-AmazonEKS_CNI_Policy",
      "provider": "provider[\"registry.terraform.io/hashicorp/aws\"]",
      "instances": [
        {
          "schema_version": 0,
          "attributes": {
            "id": "terraform-eks-project-node-20221223055442278500000005",
            "policy_arn": "arn:aws:iam::aws:policy/AmazonEKS_CNI_Policy",
            "role": "terraform-eks-project-node"
          },
          "sensitive_attributes": [],
          "private": "bnVsbA==",
          "dependencies": [
            "aws_iam_role.project-node"
          ]
        }
      ]
    },
    {
      "mode": "managed",
      "type": "aws_internet_gateway",
      "name": "terraform-eks-igw",
      "provider": "provider[\"registry.terraform.io/hashicorp/aws\"]",
      "instances": [
        {
          "schema_version": 0,
          "attributes": {
            "arn": "arn:aws:ec2:us-east-1:018374338799:internet-gateway/igw-03aa24d6cb60da757",
            "id": "igw-03aa24d6cb60da757",
            "owner_id": "018374338799",
            "tags": {
              "Name": "terraform-eks-project-igw"
            },
            "tags_all": {
              "Name": "terraform-eks-project-igw"
            },
            "timeouts": null,
            "vpc_id": "vpc-04c854d8ede876d31"
          },
          "sensitive_attributes": [],
          "private": "eyJlMmJmYjczMC1lY2FhLTExZTYtOGY4OC0zNDM2M2JjN2M0YzAiOnsiY3JlYXRlIjoxMjAwMDAwMDAwMDAwLCJkZWxldGUiOjEyMDAwMDAwMDAwMDAsInVwZGF0ZSI6MTIwMDAwMDAwMDAwMH19",
          "dependencies": [
            "aws_vpc.project"
          ]
        }
      ]
    },
    {
      "mode": "managed",
      "type": "aws_nat_gateway",
      "name": "terraform-eks-ng",
      "provider": "provider[\"registry.terraform.io/hashicorp/aws\"]",
      "instances": [
        {
          "schema_version": 0,
          "attributes": {
            "allocation_id": "eipalloc-047c73891131da09e",
            "connectivity_type": "public",
            "id": "nat-02e5f38d9ce27cdb1",
            "network_interface_id": "eni-084e34eaadd952340",
            "private_ip": "10.0.0.86",
            "public_ip": "34.237.147.247",
            "subnet_id": "subnet-00c9f2ec622f09d8d",
            "tags": {
              "Name": "terraform-eks-project-ng"
            },
            "tags_all": {
              "Name": "terraform-eks-project-ng"
            }
          },
          "sensitive_attributes": [],
          "private": "bnVsbA==",
          "dependencies": [
            "aws_eip.terraform-eks-EIP",
            "aws_subnet.terraform-eks-public-subnet",
            "aws_vpc.project",
            "data.aws_availability_zones.available"
          ]
        }
      ]
    },
    {
      "mode": "managed",
      "type": "aws_route_table",
      "name": "terraform-eks-private-route",
      "provider": "provider[\"registry.terraform.io/hashicorp/aws\"]",
      "instances": [
        {
          "schema_version": 0,
          "attributes": {
            "arn": "arn:aws:ec2:us-east-1:018374338799:route-table/rtb-0ea1e9b419dd86eba",
            "id": "rtb-0ea1e9b419dd86eba",
            "owner_id": "018374338799",
            "propagating_vgws": [],
            "route": [
              {
                "carrier_gateway_id": "",
                "cidr_block": "0.0.0.0/0",
                "core_network_arn": "",
                "destination_prefix_list_id": "",
                "egress_only_gateway_id": "",
                "gateway_id": "",
                "instance_id": "",
                "ipv6_cidr_block": "",
                "local_gateway_id": "",
                "nat_gateway_id": "nat-02e5f38d9ce27cdb1",
                "network_interface_id": "",
                "transit_gateway_id": "",
                "vpc_endpoint_id": "",
                "vpc_peering_connection_id": ""
              }
            ],
            "tags": {
              "Name": "terraform-eks-private-route"
            },
            "tags_all": {
              "Name": "terraform-eks-private-route"
            },
            "timeouts": null,
            "vpc_id": "vpc-04c854d8ede876d31"
          },
          "sensitive_attributes": [],
          "private": "eyJlMmJmYjczMC1lY2FhLTExZTYtOGY4OC0zNDM2M2JjN2M0YzAiOnsiY3JlYXRlIjozMDAwMDAwMDAwMDAsImRlbGV0ZSI6MzAwMDAwMDAwMDAwLCJ1cGRhdGUiOjEyMDAwMDAwMDAwMH19",
          "dependencies": [
            "aws_eip.terraform-eks-EIP",
            "aws_nat_gateway.terraform-eks-ng",
            "aws_subnet.terraform-eks-public-subnet",
            "aws_vpc.project",
            "data.aws_availability_zones.available"
          ]
        }
      ]
    },
    {
      "mode": "managed",
      "type": "aws_route_table",
      "name": "terraform-eks-public-route",
      "provider": "provider[\"registry.terraform.io/hashicorp/aws\"]",
      "instances": [
        {
          "schema_version": 0,
          "attributes": {
            "arn": "arn:aws:ec2:us-east-1:018374338799:route-table/rtb-0e256d34e43d92b81",
            "id": "rtb-0e256d34e43d92b81",
            "owner_id": "018374338799",
            "propagating_vgws": [],
            "route": [
              {
                "carrier_gateway_id": "",
                "cidr_block": "0.0.0.0/0",
                "core_network_arn": "",
                "destination_prefix_list_id": "",
                "egress_only_gateway_id": "",
                "gateway_id": "igw-03aa24d6cb60da757",
                "instance_id": "",
                "ipv6_cidr_block": "",
                "local_gateway_id": "",
                "nat_gateway_id": "",
                "network_interface_id": "",
                "transit_gateway_id": "",
                "vpc_endpoint_id": "",
                "vpc_peering_connection_id": ""
              }
            ],
            "tags": {
              "Name": "terraform-eks-public-route"
            },
            "tags_all": {
              "Name": "terraform-eks-public-route"
            },
            "timeouts": null,
            "vpc_id": "vpc-04c854d8ede876d31"
          },
          "sensitive_attributes": [],
          "private": "eyJlMmJmYjczMC1lY2FhLTExZTYtOGY4OC0zNDM2M2JjN2M0YzAiOnsiY3JlYXRlIjozMDAwMDAwMDAwMDAsImRlbGV0ZSI6MzAwMDAwMDAwMDAwLCJ1cGRhdGUiOjEyMDAwMDAwMDAwMH19",
          "dependencies": [
            "aws_internet_gateway.terraform-eks-igw",
            "aws_vpc.project"
          ]
        }
      ]
    },
    {
      "mode": "managed",
      "type": "aws_route_table_association",
      "name": "terraform-eks-private-routing",
      "provider": "provider[\"registry.terraform.io/hashicorp/aws\"]",
      "instances": [
        {
          "index_key": 0,
          "schema_version": 0,
          "attributes": {
            "gateway_id": "",
            "id": "rtbassoc-0ad0828b9e71a6cd7",
            "route_table_id": "rtb-0ea1e9b419dd86eba",
            "subnet_id": "subnet-00b7f4f9c026b0379"
          },
          "sensitive_attributes": [],
          "private": "bnVsbA==",
          "dependencies": [
            "aws_eip.terraform-eks-EIP",
            "aws_nat_gateway.terraform-eks-ng",
            "aws_route_table.terraform-eks-private-route",
            "aws_subnet.terraform-eks-private-subnet",
            "aws_subnet.terraform-eks-public-subnet",
            "aws_vpc.project",
            "data.aws_availability_zones.available"
          ]
        },
        {
          "index_key": 1,
          "schema_version": 0,
          "attributes": {
            "gateway_id": "",
            "id": "rtbassoc-0b1424ac8fa1740c3",
            "route_table_id": "rtb-0ea1e9b419dd86eba",
            "subnet_id": "subnet-059a2a2b2665bf16f"
          },
          "sensitive_attributes": [],
          "private": "bnVsbA==",
          "dependencies": [
            "aws_eip.terraform-eks-EIP",
            "aws_nat_gateway.terraform-eks-ng",
            "aws_route_table.terraform-eks-private-route",
            "aws_subnet.terraform-eks-private-subnet",
            "aws_subnet.terraform-eks-public-subnet",
            "aws_vpc.project",
            "data.aws_availability_zones.available"
          ]
        }
      ]
    },
    {
      "mode": "managed",
      "type": "aws_route_table_association",
      "name": "terraform-eks-public-routing",
      "provider": "provider[\"registry.terraform.io/hashicorp/aws\"]",
      "instances": [
        {
          "index_key": 0,
          "schema_version": 0,
          "attributes": {
            "gateway_id": "",
            "id": "rtbassoc-0f37d3d585ebd8590",
            "route_table_id": "rtb-0e256d34e43d92b81",
            "subnet_id": "subnet-00c9f2ec622f09d8d"
          },
          "sensitive_attributes": [],
          "private": "bnVsbA==",
          "dependencies": [
            "aws_internet_gateway.terraform-eks-igw",
            "aws_route_table.terraform-eks-public-route",
            "aws_subnet.terraform-eks-public-subnet",
            "aws_vpc.project",
            "data.aws_availability_zones.available"
          ]
        },
        {
          "index_key": 1,
          "schema_version": 0,
          "attributes": {
            "gateway_id": "",
            "id": "rtbassoc-0f1aad8891d9b4b3d",
            "route_table_id": "rtb-0e256d34e43d92b81",
            "subnet_id": "subnet-060866e4a617f7445"
          },
          "sensitive_attributes": [],
          "private": "bnVsbA==",
          "dependencies": [
            "aws_internet_gateway.terraform-eks-igw",
            "aws_route_table.terraform-eks-public-route",
            "aws_subnet.terraform-eks-public-subnet",
            "aws_vpc.project",
            "data.aws_availability_zones.available"
          ]
        }
      ]
    },
    {
      "mode": "managed",
      "type": "aws_security_group",
      "name": "project-cluster",
      "provider": "provider[\"registry.terraform.io/hashicorp/aws\"]",
      "instances": [
        {
          "schema_version": 1,
          "attributes": {
            "arn": "arn:aws:ec2:us-east-1:018374338799:security-group/sg-00f1e8781b4acdd42",
            "description": "Cluster communication with worker nodes",
            "egress": [
              {
                "cidr_blocks": [
                  "0.0.0.0/0"
                ],
                "description": "",
                "from_port": 0,
                "ipv6_cidr_blocks": [],
                "prefix_list_ids": [],
                "protocol": "-1",
                "security_groups": [],
                "self": false,
                "to_port": 0
              }
            ],
            "id": "sg-00f1e8781b4acdd42",
            "ingress": [],
            "name": "terraform-eks-project-cluster",
            "name_prefix": "",
            "owner_id": "018374338799",
            "revoke_rules_on_delete": false,
            "tags": {
              "Name": "terraform-eks-project"
            },
            "tags_all": {
              "Name": "terraform-eks-project"
            },
            "timeouts": null,
            "vpc_id": "vpc-04c854d8ede876d31"
          },
          "sensitive_attributes": [],
          "private": "eyJlMmJmYjczMC1lY2FhLTExZTYtOGY4OC0zNDM2M2JjN2M0YzAiOnsiY3JlYXRlIjo2MDAwMDAwMDAwMDAsImRlbGV0ZSI6OTAwMDAwMDAwMDAwfSwic2NoZW1hX3ZlcnNpb24iOiIxIn0=",
          "dependencies": [
            "aws_vpc.project"
          ]
        }
      ]
    },
    {
      "mode": "managed",
      "type": "aws_security_group_rule",
      "name": "project-cluster-ingress-workstation-https",
      "provider": "provider[\"registry.terraform.io/hashicorp/aws\"]",
      "instances": [
        {
          "schema_version": 2,
          "attributes": {
            "cidr_blocks": [
              "219.255.189.48/32"
            ],
            "description": "Allow workstation to communicate with the cluster API Server",
            "from_port": 443,
            "id": "sgrule-2108052351",
            "ipv6_cidr_blocks": null,
            "prefix_list_ids": null,
            "protocol": "tcp",
            "security_group_id": "sg-00f1e8781b4acdd42",
            "security_group_rule_id": "sgr-0dead1ff2a9b0804b",
            "self": false,
            "source_security_group_id": null,
            "timeouts": null,
            "to_port": 443,
            "type": "ingress"
          },
          "sensitive_attributes": [],
          "private": "eyJlMmJmYjczMC1lY2FhLTExZTYtOGY4OC0zNDM2M2JjN2M0YzAiOnsiY3JlYXRlIjozMDAwMDAwMDAwMDB9LCJzY2hlbWFfdmVyc2lvbiI6IjIifQ==",
          "dependencies": [
            "aws_security_group.project-cluster",
            "aws_vpc.project",
            "data.http.workstation-external-ip"
          ]
        }
      ]
    },
    {
      "mode": "managed",
      "type": "aws_subnet",
      "name": "terraform-eks-private-subnet",
      "provider": "provider[\"registry.terraform.io/hashicorp/aws\"]",
      "instances": [
        {
          "index_key": 0,
          "schema_version": 1,
          "attributes": {
            "arn": "arn:aws:ec2:us-east-1:018374338799:subnet/subnet-00b7f4f9c026b0379",
            "assign_ipv6_address_on_creation": false,
            "availability_zone": "us-east-1a",
            "availability_zone_id": "use1-az6",
            "cidr_block": "10.0.3.0/24",
            "customer_owned_ipv4_pool": "",
            "enable_dns64": false,
            "enable_resource_name_dns_a_record_on_launch": false,
            "enable_resource_name_dns_aaaa_record_on_launch": false,
            "id": "subnet-00b7f4f9c026b0379",
            "ipv6_cidr_block": "",
            "ipv6_cidr_block_association_id": "",
            "ipv6_native": false,
            "map_customer_owned_ip_on_launch": false,
            "map_public_ip_on_launch": false,
            "outpost_arn": "",
            "owner_id": "018374338799",
            "private_dns_hostname_type_on_launch": "ip-name",
            "tags": {
              "Name": "terraform-eks-private-a",
              "kubernetes.io/cluster/terraform-eks-project": "shared"
            },
            "tags_all": {
              "Name": "terraform-eks-private-a",
              "kubernetes.io/cluster/terraform-eks-project": "shared"
            },
            "timeouts": null,
            "vpc_id": "vpc-04c854d8ede876d31"
          },
          "sensitive_attributes": [],
          "private": "eyJlMmJmYjczMC1lY2FhLTExZTYtOGY4OC0zNDM2M2JjN2M0YzAiOnsiY3JlYXRlIjo2MDAwMDAwMDAwMDAsImRlbGV0ZSI6MTIwMDAwMDAwMDAwMH0sInNjaGVtYV92ZXJzaW9uIjoiMSJ9",
          "dependencies": [
            "aws_vpc.project",
            "data.aws_availability_zones.available"
          ]
        },
        {
          "index_key": 1,
          "schema_version": 1,
          "attributes": {
            "arn": "arn:aws:ec2:us-east-1:018374338799:subnet/subnet-059a2a2b2665bf16f",
            "assign_ipv6_address_on_creation": false,
            "availability_zone": "us-east-1b",
            "availability_zone_id": "use1-az1",
            "cidr_block": "10.0.4.0/24",
            "customer_owned_ipv4_pool": "",
            "enable_dns64": false,
            "enable_resource_name_dns_a_record_on_launch": false,
            "enable_resource_name_dns_aaaa_record_on_launch": false,
            "id": "subnet-059a2a2b2665bf16f",
            "ipv6_cidr_block": "",
            "ipv6_cidr_block_association_id": "",
            "ipv6_native": false,
            "map_customer_owned_ip_on_launch": false,
            "map_public_ip_on_launch": false,
            "outpost_arn": "",
            "owner_id": "018374338799",
            "private_dns_hostname_type_on_launch": "ip-name",
            "tags": {
              "Name": "terraform-eks-private-c",
              "kubernetes.io/cluster/terraform-eks-project": "shared"
            },
            "tags_all": {
              "Name": "terraform-eks-private-c",
              "kubernetes.io/cluster/terraform-eks-project": "shared"
            },
            "timeouts": null,
            "vpc_id": "vpc-04c854d8ede876d31"
          },
          "sensitive_attributes": [],
          "private": "eyJlMmJmYjczMC1lY2FhLTExZTYtOGY4OC0zNDM2M2JjN2M0YzAiOnsiY3JlYXRlIjo2MDAwMDAwMDAwMDAsImRlbGV0ZSI6MTIwMDAwMDAwMDAwMH0sInNjaGVtYV92ZXJzaW9uIjoiMSJ9",
          "dependencies": [
            "aws_vpc.project",
            "data.aws_availability_zones.available"
          ]
        }
      ]
    },
    {
      "mode": "managed",
      "type": "aws_subnet",
      "name": "terraform-eks-public-subnet",
      "provider": "provider[\"registry.terraform.io/hashicorp/aws\"]",
      "instances": [
        {
          "index_key": 0,
          "schema_version": 1,
          "attributes": {
            "arn": "arn:aws:ec2:us-east-1:018374338799:subnet/subnet-00c9f2ec622f09d8d",
            "assign_ipv6_address_on_creation": false,
            "availability_zone": "us-east-1a",
            "availability_zone_id": "use1-az6",
            "cidr_block": "10.0.0.0/24",
            "customer_owned_ipv4_pool": "",
            "enable_dns64": false,
            "enable_resource_name_dns_a_record_on_launch": false,
            "enable_resource_name_dns_aaaa_record_on_launch": false,
            "id": "subnet-00c9f2ec622f09d8d",
            "ipv6_cidr_block": "",
            "ipv6_cidr_block_association_id": "",
            "ipv6_native": false,
            "map_customer_owned_ip_on_launch": false,
            "map_public_ip_on_launch": true,
            "outpost_arn": "",
            "owner_id": "018374338799",
            "private_dns_hostname_type_on_launch": "ip-name",
            "tags": {
              "Name": "terraform-eks-public-a",
              "kubernetes.io/cluster/terraform-eks-project": "shared"
            },
            "tags_all": {
              "Name": "terraform-eks-public-a",
              "kubernetes.io/cluster/terraform-eks-project": "shared"
            },
            "timeouts": null,
            "vpc_id": "vpc-04c854d8ede876d31"
          },
          "sensitive_attributes": [],
          "private": "eyJlMmJmYjczMC1lY2FhLTExZTYtOGY4OC0zNDM2M2JjN2M0YzAiOnsiY3JlYXRlIjo2MDAwMDAwMDAwMDAsImRlbGV0ZSI6MTIwMDAwMDAwMDAwMH0sInNjaGVtYV92ZXJzaW9uIjoiMSJ9",
          "dependencies": [
            "aws_vpc.project",
            "data.aws_availability_zones.available"
          ]
        },
        {
          "index_key": 1,
          "schema_version": 1,
          "attributes": {
            "arn": "arn:aws:ec2:us-east-1:018374338799:subnet/subnet-060866e4a617f7445",
            "assign_ipv6_address_on_creation": false,
            "availability_zone": "us-east-1b",
            "availability_zone_id": "use1-az1",
            "cidr_block": "10.0.1.0/24",
            "customer_owned_ipv4_pool": "",
            "enable_dns64": false,
            "enable_resource_name_dns_a_record_on_launch": false,
            "enable_resource_name_dns_aaaa_record_on_launch": false,
            "id": "subnet-060866e4a617f7445",
            "ipv6_cidr_block": "",
            "ipv6_cidr_block_association_id": "",
            "ipv6_native": false,
            "map_customer_owned_ip_on_launch": false,
            "map_public_ip_on_launch": true,
            "outpost_arn": "",
            "owner_id": "018374338799",
            "private_dns_hostname_type_on_launch": "ip-name",
            "tags": {
              "Name": "terraform-eks-public-c",
              "kubernetes.io/cluster/terraform-eks-project": "shared"
            },
            "tags_all": {
              "Name": "terraform-eks-public-c",
              "kubernetes.io/cluster/terraform-eks-project": "shared"
            },
            "timeouts": null,
            "vpc_id": "vpc-04c854d8ede876d31"
          },
          "sensitive_attributes": [],
          "private": "eyJlMmJmYjczMC1lY2FhLTExZTYtOGY4OC0zNDM2M2JjN2M0YzAiOnsiY3JlYXRlIjo2MDAwMDAwMDAwMDAsImRlbGV0ZSI6MTIwMDAwMDAwMDAwMH0sInNjaGVtYV92ZXJzaW9uIjoiMSJ9",
          "dependencies": [
            "aws_vpc.project",
            "data.aws_availability_zones.available"
          ]
        }
      ]
    },
    {
      "mode": "managed",
      "type": "aws_vpc",
      "name": "project",
      "provider": "provider[\"registry.terraform.io/hashicorp/aws\"]",
      "instances": [
        {
          "schema_version": 1,
          "attributes": {
            "arn": "arn:aws:ec2:us-east-1:018374338799:vpc/vpc-04c854d8ede876d31",
            "assign_generated_ipv6_cidr_block": false,
            "cidr_block": "10.0.0.0/16",
            "default_network_acl_id": "acl-0e6fc187cab6334ff",
            "default_route_table_id": "rtb-06838d62144fc73a2",
            "default_security_group_id": "sg-0a553c58e4b19c86a",
            "dhcp_options_id": "dopt-0d9f33c2353a15337",
            "enable_classiclink": false,
            "enable_classiclink_dns_support": false,
            "enable_dns_hostnames": false,
            "enable_dns_support": true,
            "enable_network_address_usage_metrics": false,
            "id": "vpc-04c854d8ede876d31",
            "instance_tenancy": "default",
            "ipv4_ipam_pool_id": null,
            "ipv4_netmask_length": null,
            "ipv6_association_id": "",
            "ipv6_cidr_block": "",
            "ipv6_cidr_block_network_border_group": "",
            "ipv6_ipam_pool_id": "",
            "ipv6_netmask_length": 0,
            "main_route_table_id": "rtb-06838d62144fc73a2",
            "owner_id": "018374338799",
            "tags": {
              "Name": "terraform-eks-project-node",
              "kubernetes.io/cluster/terraform-eks-project": "shared"
            },
            "tags_all": {
              "Name": "terraform-eks-project-node",
              "kubernetes.io/cluster/terraform-eks-project": "shared"
            }
          },
          "sensitive_attributes": [],
          "private": "eyJzY2hlbWFfdmVyc2lvbiI6IjEifQ=="
        }
      ]
    }
  ],
  "check_results": null
}
